
Microsoft Visual Studio Solution File, Format Version 12.00
# Visual Studio Version 17
VisualStudioVersion = 17.10.35004.147
MinimumVisualStudioVersion = 10.0.40219.1
Project("{FAE04EC0-301F-11D3-BF4B-00C04F79EFBC}") = "Radio", "Radio.csproj", "{A11E50CA-506F-457A-8EDB-D05F6C388AA3}"
EndProject
Global
	GlobalSection(SolutionConfigurationPlatforms) = preSolution
		Debug|Any CPU = Debug|Any CPU
		Release|Any CPU = Release|Any CPU
	EndGlobalSection
	GlobalSection(ProjectConfigurationPlatforms) = postSolution
		{A11E50CA-506F-457A-8EDB-D05F6C388AA3}.Debug|Any CPU.ActiveCfg = Debug|Any CPU
		{A11E50CA-506F-457A-8EDB-D05F6C388AA3}.Debug|Any CPU.Build.0 = Debug|Any CPU
		{A11E50CA-506F-457A-8EDB-D05F6C388AA3}.Release|Any CPU.ActiveCfg = Release|Any CPU
		{A11E50CA-506F-457A-8EDB-D05F6C388AA3}.Release|Any CPU.Build.0 = Release|Any CPU
	EndGlobalSection
	GlobalSection(SolutionProperties) = preSolution
		HideSolutionNode = FALSE
	EndGlobalSection
	GlobalSection(ExtensibilityGlobals) = postSolution
		SolutionGuid = {042ED045-4802-433A-A38A-C337ABC424DF}
	EndGlobalSection
EndGlobal
